// !$*UTF8*$!
{
	archiveVersion = 1;
	classes = {
	};
	objectVersion = 50;
	objects = {

/* Begin PBXBuildFile section */
		ED0F4FFE26E67A9A008ABA66 /* MSButton.swift in Sources */ = {isa = PBXBuildFile; fileRef = ED0F4FFD26E67A9A008ABA66 /* MSButton.swift */; };
		ED0F505E26ED143E008ABA66 /* Store.swift in Sources */ = {isa = PBXBuildFile; fileRef = ED0F505D26ED143E008ABA66 /* Store.swift */; };
		ED28234226E3A2E9006462E4 /* BreathingView.swift in Sources */ = {isa = PBXBuildFile; fileRef = ED28234126E3A2E9006462E4 /* BreathingView.swift */; };
		ED36A9692687B61E00E1AF02 /* Fidget WatchKit App.app in Embed Watch Content */ = {isa = PBXBuildFile; fileRef = ED36A9682687B61E00E1AF02 /* Fidget WatchKit App.app */; settings = {ATTRIBUTES = (RemoveHeadersOnCopy, ); }; };
		ED36A96E2687B62000E1AF02 /* Assets.xcassets in Resources */ = {isa = PBXBuildFile; fileRef = ED36A96D2687B62000E1AF02 /* Assets.xcassets */; };
		ED36A9752687B62000E1AF02 /* Fidget WatchKit Extension.appex in Embed App Extensions */ = {isa = PBXBuildFile; fileRef = ED36A9742687B62000E1AF02 /* Fidget WatchKit Extension.appex */; settings = {ATTRIBUTES = (RemoveHeadersOnCopy, ); }; };
		ED36A97A2687B62000E1AF02 /* ContentView.swift in Sources */ = {isa = PBXBuildFile; fileRef = ED36A9792687B62000E1AF02 /* ContentView.swift */; };
		ED36A97C2687B62000E1AF02 /* FidgetApp.swift in Sources */ = {isa = PBXBuildFile; fileRef = ED36A97B2687B62000E1AF02 /* FidgetApp.swift */; };
		ED36A97E2687B62000E1AF02 /* ComplicationController.swift in Sources */ = {isa = PBXBuildFile; fileRef = ED36A97D2687B62000E1AF02 /* ComplicationController.swift */; };
		ED36A9802687B62000E1AF02 /* Assets.xcassets in Resources */ = {isa = PBXBuildFile; fileRef = ED36A97F2687B62000E1AF02 /* Assets.xcassets */; };
		ED36A9832687B62000E1AF02 /* Preview Assets.xcassets in Resources */ = {isa = PBXBuildFile; fileRef = ED36A9822687B62000E1AF02 /* Preview Assets.xcassets */; };
		ED36A98E2687B62000E1AF02 /* FidgetTests.swift in Sources */ = {isa = PBXBuildFile; fileRef = ED36A98D2687B62000E1AF02 /* FidgetTests.swift */; };
		ED36A9992687B62000E1AF02 /* FidgetUITests.swift in Sources */ = {isa = PBXBuildFile; fileRef = ED36A9982687B62000E1AF02 /* FidgetUITests.swift */; };
		ED5C29FD26ACB3EC0073E55A /* ButtonView.swift in Sources */ = {isa = PBXBuildFile; fileRef = ED5C29FC26ACB3EC0073E55A /* ButtonView.swift */; };
		ED5C29FF26ACEFD60073E55A /* SettingsView.swift in Sources */ = {isa = PBXBuildFile; fileRef = ED5C29FE26ACEFD50073E55A /* SettingsView.swift */; };
		ED5C2A0126AD86A10073E55A /* DataModel.swift in Sources */ = {isa = PBXBuildFile; fileRef = ED5C2A0026AD86A10073E55A /* DataModel.swift */; };
		ED8B77D226AB8FD000E60027 /* AccelerometerView.swift in Sources */ = {isa = PBXBuildFile; fileRef = ED8B77D126AB8FD000E60027 /* AccelerometerView.swift */; };
		ED8B77D526AC9C1A00E60027 /* CrownView.swift in Sources */ = {isa = PBXBuildFile; fileRef = ED8B77D426AC9C1A00E60027 /* CrownView.swift */; };
/* End PBXBuildFile section */

/* Begin PBXContainerItemProxy section */
		ED36A96A2687B61E00E1AF02 /* PBXContainerItemProxy */ = {
			isa = PBXContainerItemProxy;
			containerPortal = ED36A95E2687B61D00E1AF02 /* Project object */;
			proxyType = 1;
			remoteGlobalIDString = ED36A9672687B61D00E1AF02;
			remoteInfo = "Fidget WatchKit App";
		};
		ED36A9762687B62000E1AF02 /* PBXContainerItemProxy */ = {
			isa = PBXContainerItemProxy;
			containerPortal = ED36A95E2687B61D00E1AF02 /* Project object */;
			proxyType = 1;
			remoteGlobalIDString = ED36A9732687B62000E1AF02;
			remoteInfo = "Fidget WatchKit Extension";
		};
		ED36A98A2687B62000E1AF02 /* PBXContainerItemProxy */ = {
			isa = PBXContainerItemProxy;
			containerPortal = ED36A95E2687B61D00E1AF02 /* Project object */;
			proxyType = 1;
			remoteGlobalIDString = ED36A9732687B62000E1AF02;
			remoteInfo = "Fidget WatchKit Extension";
		};
		ED36A9952687B62000E1AF02 /* PBXContainerItemProxy */ = {
			isa = PBXContainerItemProxy;
			containerPortal = ED36A95E2687B61D00E1AF02 /* Project object */;
			proxyType = 1;
			remoteGlobalIDString = ED36A9672687B61D00E1AF02;
			remoteInfo = "Fidget WatchKit App";
		};
/* End PBXContainerItemProxy section */

/* Begin PBXCopyFilesBuildPhase section */
		ED36A9A02687B62000E1AF02 /* Embed App Extensions */ = {
			isa = PBXCopyFilesBuildPhase;
			buildActionMask = 2147483647;
			dstPath = "";
			dstSubfolderSpec = 13;
			files = (
				ED36A9752687B62000E1AF02 /* Fidget WatchKit Extension.appex in Embed App Extensions */,
			);
			name = "Embed App Extensions";
			runOnlyForDeploymentPostprocessing = 0;
		};
		ED36A9A42687B62000E1AF02 /* Embed Watch Content */ = {
			isa = PBXCopyFilesBuildPhase;
			buildActionMask = 2147483647;
			dstPath = "$(CONTENTS_FOLDER_PATH)/Watch";
			dstSubfolderSpec = 16;
			files = (
				ED36A9692687B61E00E1AF02 /* Fidget WatchKit App.app in Embed Watch Content */,
			);
			name = "Embed Watch Content";
			runOnlyForDeploymentPostprocessing = 0;
		};
/* End PBXCopyFilesBuildPhase section */

/* Begin PBXFileReference section */
		ED0F4FFD26E67A9A008ABA66 /* MSButton.swift */ = {isa = PBXFileReference; lastKnownFileType = sourcecode.swift; path = MSButton.swift; sourceTree = "<group>"; };
		ED0F505A26ED13E8008ABA66 /* Products.storekit */ = {isa = PBXFileReference; lastKnownFileType = text; path = Products.storekit; sourceTree = "<group>"; };
		ED0F505D26ED143E008ABA66 /* Store.swift */ = {isa = PBXFileReference; lastKnownFileType = sourcecode.swift; path = Store.swift; sourceTree = "<group>"; };
		ED0F506026ED1F75008ABA66 /* StoreKit.framework */ = {isa = PBXFileReference; lastKnownFileType = wrapper.framework; name = StoreKit.framework; path = Platforms/WatchOS.platform/Developer/SDKs/WatchOS8.0.sdk/System/Library/Frameworks/StoreKit.framework; sourceTree = DEVELOPER_DIR; };
		ED28234126E3A2E9006462E4 /* BreathingView.swift */ = {isa = PBXFileReference; lastKnownFileType = sourcecode.swift; path = BreathingView.swift; sourceTree = "<group>"; };
		ED36A9642687B61D00E1AF02 /* Fidgets.app */ = {isa = PBXFileReference; explicitFileType = wrapper.application; includeInIndex = 0; path = Fidgets.app; sourceTree = BUILT_PRODUCTS_DIR; };
		ED36A9682687B61E00E1AF02 /* Fidget WatchKit App.app */ = {isa = PBXFileReference; explicitFileType = wrapper.application; includeInIndex = 0; path = "Fidget WatchKit App.app"; sourceTree = BUILT_PRODUCTS_DIR; };
		ED36A96D2687B62000E1AF02 /* Assets.xcassets */ = {isa = PBXFileReference; lastKnownFileType = folder.assetcatalog; path = Assets.xcassets; sourceTree = "<group>"; };
		ED36A96F2687B62000E1AF02 /* Info.plist */ = {isa = PBXFileReference; lastKnownFileType = text.plist.xml; path = Info.plist; sourceTree = "<group>"; };
		ED36A9742687B62000E1AF02 /* Fidget WatchKit Extension.appex */ = {isa = PBXFileReference; explicitFileType = "wrapper.app-extension"; includeInIndex = 0; path = "Fidget WatchKit Extension.appex"; sourceTree = BUILT_PRODUCTS_DIR; };
		ED36A9792687B62000E1AF02 /* ContentView.swift */ = {isa = PBXFileReference; lastKnownFileType = sourcecode.swift; path = ContentView.swift; sourceTree = "<group>"; };
		ED36A97B2687B62000E1AF02 /* FidgetApp.swift */ = {isa = PBXFileReference; lastKnownFileType = sourcecode.swift; path = FidgetApp.swift; sourceTree = "<group>"; };
		ED36A97D2687B62000E1AF02 /* ComplicationController.swift */ = {isa = PBXFileReference; lastKnownFileType = sourcecode.swift; path = ComplicationController.swift; sourceTree = "<group>"; };
		ED36A97F2687B62000E1AF02 /* Assets.xcassets */ = {isa = PBXFileReference; lastKnownFileType = folder.assetcatalog; path = Assets.xcassets; sourceTree = "<group>"; };
		ED36A9822687B62000E1AF02 /* Preview Assets.xcassets */ = {isa = PBXFileReference; lastKnownFileType = folder.assetcatalog; path = "Preview Assets.xcassets"; sourceTree = "<group>"; };
		ED36A9842687B62000E1AF02 /* Info.plist */ = {isa = PBXFileReference; lastKnownFileType = text.plist.xml; path = Info.plist; sourceTree = "<group>"; };
		ED36A9892687B62000E1AF02 /* FidgetTests.xctest */ = {isa = PBXFileReference; explicitFileType = wrapper.cfbundle; includeInIndex = 0; path = FidgetTests.xctest; sourceTree = BUILT_PRODUCTS_DIR; };
		ED36A98D2687B62000E1AF02 /* FidgetTests.swift */ = {isa = PBXFileReference; lastKnownFileType = sourcecode.swift; path = FidgetTests.swift; sourceTree = "<group>"; };
		ED36A98F2687B62000E1AF02 /* Info.plist */ = {isa = PBXFileReference; lastKnownFileType = text.plist.xml; path = Info.plist; sourceTree = "<group>"; };
		ED36A9942687B62000E1AF02 /* FidgetUITests.xctest */ = {isa = PBXFileReference; explicitFileType = wrapper.cfbundle; includeInIndex = 0; path = FidgetUITests.xctest; sourceTree = BUILT_PRODUCTS_DIR; };
		ED36A9982687B62000E1AF02 /* FidgetUITests.swift */ = {isa = PBXFileReference; lastKnownFileType = sourcecode.swift; path = FidgetUITests.swift; sourceTree = "<group>"; };
		ED36A99A2687B62000E1AF02 /* Info.plist */ = {isa = PBXFileReference; lastKnownFileType = text.plist.xml; path = Info.plist; sourceTree = "<group>"; };
		ED5C29FC26ACB3EC0073E55A /* ButtonView.swift */ = {isa = PBXFileReference; lastKnownFileType = sourcecode.swift; path = ButtonView.swift; sourceTree = "<group>"; };
		ED5C29FE26ACEFD50073E55A /* SettingsView.swift */ = {isa = PBXFileReference; lastKnownFileType = sourcecode.swift; path = SettingsView.swift; sourceTree = "<group>"; };
		ED5C2A0026AD86A10073E55A /* DataModel.swift */ = {isa = PBXFileReference; lastKnownFileType = sourcecode.swift; path = DataModel.swift; sourceTree = "<group>"; };
		ED8B77D126AB8FD000E60027 /* AccelerometerView.swift */ = {isa = PBXFileReference; fileEncoding = 4; lastKnownFileType = sourcecode.swift; path = AccelerometerView.swift; sourceTree = "<group>"; };
		ED8B77D426AC9C1A00E60027 /* CrownView.swift */ = {isa = PBXFileReference; fileEncoding = 4; lastKnownFileType = sourcecode.swift; path = CrownView.swift; sourceTree = "<group>"; };
/* End PBXFileReference section */

/* Begin PBXFrameworksBuildPhase section */
		ED36A9712687B62000E1AF02 /* Frameworks */ = {
			isa = PBXFrameworksBuildPhase;
			buildActionMask = 2147483647;
			files = (
			);
			runOnlyForDeploymentPostprocessing = 0;
		};
		ED36A9862687B62000E1AF02 /* Frameworks */ = {
			isa = PBXFrameworksBuildPhase;
			buildActionMask = 2147483647;
			files = (
			);
			runOnlyForDeploymentPostprocessing = 0;
		};
		ED36A9912687B62000E1AF02 /* Frameworks */ = {
			isa = PBXFrameworksBuildPhase;
			buildActionMask = 2147483647;
			files = (
			);
			runOnlyForDeploymentPostprocessing = 0;
		};
/* End PBXFrameworksBuildPhase section */

/* Begin PBXGroup section */
		ED0F505F26ED1F74008ABA66 /* Frameworks */ = {
			isa = PBXGroup;
			children = (
				ED0F506026ED1F75008ABA66 /* StoreKit.framework */,
			);
			name = Frameworks;
			sourceTree = "<group>";
		};
		ED36A95D2687B61D00E1AF02 = {
			isa = PBXGroup;
			children = (
				ED36A96C2687B61E00E1AF02 /* Fidget WatchKit App */,
				ED36A9782687B62000E1AF02 /* Fidget WatchKit Extension */,
				ED36A98C2687B62000E1AF02 /* FidgetTests */,
				ED36A9972687B62000E1AF02 /* FidgetUITests */,
				ED36A9652687B61D00E1AF02 /* Products */,
				ED0F505F26ED1F74008ABA66 /* Frameworks */,
			);
			sourceTree = "<group>";
		};
		ED36A9652687B61D00E1AF02 /* Products */ = {
			isa = PBXGroup;
			children = (
				ED36A9642687B61D00E1AF02 /* Fidgets.app */,
				ED36A9682687B61E00E1AF02 /* Fidget WatchKit App.app */,
				ED36A9742687B62000E1AF02 /* Fidget WatchKit Extension.appex */,
				ED36A9892687B62000E1AF02 /* FidgetTests.xctest */,
				ED36A9942687B62000E1AF02 /* FidgetUITests.xctest */,
			);
			name = Products;
			sourceTree = "<group>";
		};
		ED36A96C2687B61E00E1AF02 /* Fidget WatchKit App */ = {
			isa = PBXGroup;
			children = (
				ED36A96D2687B62000E1AF02 /* Assets.xcassets */,
				ED36A96F2687B62000E1AF02 /* Info.plist */,
			);
			path = "Fidget WatchKit App";
			sourceTree = "<group>";
		};
		ED36A9782687B62000E1AF02 /* Fidget WatchKit Extension */ = {
			isa = PBXGroup;
			children = (
				ED0F505D26ED143E008ABA66 /* Store.swift */,
				ED8B77D126AB8FD000E60027 /* AccelerometerView.swift */,
				ED28234126E3A2E9006462E4 /* BreathingView.swift */,
				ED5C29FC26ACB3EC0073E55A /* ButtonView.swift */,
				ED5C29FE26ACEFD50073E55A /* SettingsView.swift */,
				ED0F4FFD26E67A9A008ABA66 /* MSButton.swift */,
				ED0F505A26ED13E8008ABA66 /* Products.storekit */,
				ED5C2A0026AD86A10073E55A /* DataModel.swift */,
				ED8B77D426AC9C1A00E60027 /* CrownView.swift */,
				ED36A9792687B62000E1AF02 /* ContentView.swift */,
				ED36A97B2687B62000E1AF02 /* FidgetApp.swift */,
				ED36A97D2687B62000E1AF02 /* ComplicationController.swift */,
				ED36A97F2687B62000E1AF02 /* Assets.xcassets */,
				ED36A9842687B62000E1AF02 /* Info.plist */,
				ED36A9812687B62000E1AF02 /* Preview Content */,
			);
			path = "Fidget WatchKit Extension";
			sourceTree = "<group>";
		};
		ED36A9812687B62000E1AF02 /* Preview Content */ = {
			isa = PBXGroup;
			children = (
				ED36A9822687B62000E1AF02 /* Preview Assets.xcassets */,
			);
			path = "Preview Content";
			sourceTree = "<group>";
		};
		ED36A98C2687B62000E1AF02 /* FidgetTests */ = {
			isa = PBXGroup;
			children = (
				ED36A98D2687B62000E1AF02 /* FidgetTests.swift */,
				ED36A98F2687B62000E1AF02 /* Info.plist */,
			);
			path = FidgetTests;
			sourceTree = "<group>";
		};
		ED36A9972687B62000E1AF02 /* FidgetUITests */ = {
			isa = PBXGroup;
			children = (
				ED36A9982687B62000E1AF02 /* FidgetUITests.swift */,
				ED36A99A2687B62000E1AF02 /* Info.plist */,
			);
			path = FidgetUITests;
			sourceTree = "<group>";
		};
/* End PBXGroup section */

/* Begin PBXNativeTarget section */
		ED36A9632687B61D00E1AF02 /* Fidget */ = {
			isa = PBXNativeTarget;
			buildConfigurationList = ED36A9A52687B62000E1AF02 /* Build configuration list for PBXNativeTarget "Fidget" */;
			buildPhases = (
				ED36A9622687B61D00E1AF02 /* Resources */,
				ED36A9A42687B62000E1AF02 /* Embed Watch Content */,
			);
			buildRules = (
			);
			dependencies = (
				ED36A96B2687B61E00E1AF02 /* PBXTargetDependency */,
			);
			name = Fidget;
			productName = Fidget;
			productReference = ED36A9642687B61D00E1AF02 /* Fidgets.app */;
			productType = "com.apple.product-type.application.watchapp2-container";
		};
		ED36A9672687B61D00E1AF02 /* Fidget WatchKit App */ = {
			isa = PBXNativeTarget;
			buildConfigurationList = ED36A9A12687B62000E1AF02 /* Build configuration list for PBXNativeTarget "Fidget WatchKit App" */;
			buildPhases = (
				ED36A9662687B61D00E1AF02 /* Resources */,
				ED36A9A02687B62000E1AF02 /* Embed App Extensions */,
			);
			buildRules = (
			);
			dependencies = (
				ED36A9772687B62000E1AF02 /* PBXTargetDependency */,
			);
			name = "Fidget WatchKit App";
			productName = "Fidget WatchKit App";
			productReference = ED36A9682687B61E00E1AF02 /* Fidget WatchKit App.app */;
			productType = "com.apple.product-type.application.watchapp2";
		};
		ED36A9732687B62000E1AF02 /* Fidget WatchKit Extension */ = {
			isa = PBXNativeTarget;
			buildConfigurationList = ED36A99D2687B62000E1AF02 /* Build configuration list for PBXNativeTarget "Fidget WatchKit Extension" */;
			buildPhases = (
				ED36A9702687B62000E1AF02 /* Sources */,
				ED36A9712687B62000E1AF02 /* Frameworks */,
				ED36A9722687B62000E1AF02 /* Resources */,
			);
			buildRules = (
			);
			dependencies = (
			);
			name = "Fidget WatchKit Extension";
			productName = "Fidget WatchKit Extension";
			productReference = ED36A9742687B62000E1AF02 /* Fidget WatchKit Extension.appex */;
			productType = "com.apple.product-type.watchkit2-extension";
		};
		ED36A9882687B62000E1AF02 /* FidgetTests */ = {
			isa = PBXNativeTarget;
			buildConfigurationList = ED36A9A82687B62000E1AF02 /* Build configuration list for PBXNativeTarget "FidgetTests" */;
			buildPhases = (
				ED36A9852687B62000E1AF02 /* Sources */,
				ED36A9862687B62000E1AF02 /* Frameworks */,
				ED36A9872687B62000E1AF02 /* Resources */,
			);
			buildRules = (
			);
			dependencies = (
				ED36A98B2687B62000E1AF02 /* PBXTargetDependency */,
			);
			name = FidgetTests;
			productName = FidgetTests;
			productReference = ED36A9892687B62000E1AF02 /* FidgetTests.xctest */;
			productType = "com.apple.product-type.bundle.unit-test";
		};
		ED36A9932687B62000E1AF02 /* FidgetUITests */ = {
			isa = PBXNativeTarget;
			buildConfigurationList = ED36A9AB2687B62000E1AF02 /* Build configuration list for PBXNativeTarget "FidgetUITests" */;
			buildPhases = (
				ED36A9902687B62000E1AF02 /* Sources */,
				ED36A9912687B62000E1AF02 /* Frameworks */,
				ED36A9922687B62000E1AF02 /* Resources */,
			);
			buildRules = (
			);
			dependencies = (
				ED36A9962687B62000E1AF02 /* PBXTargetDependency */,
			);
			name = FidgetUITests;
			productName = FidgetUITests;
			productReference = ED36A9942687B62000E1AF02 /* FidgetUITests.xctest */;
			productType = "com.apple.product-type.bundle.ui-testing";
		};
/* End PBXNativeTarget section */

/* Begin PBXProject section */
		ED36A95E2687B61D00E1AF02 /* Project object */ = {
			isa = PBXProject;
			attributes = {
				LastSwiftUpdateCheck = 1300;
				LastUpgradeCheck = 1250;
				TargetAttributes = {
					ED36A9632687B61D00E1AF02 = {
						CreatedOnToolsVersion = 12.5.1;
					};
					ED36A9672687B61D00E1AF02 = {
						CreatedOnToolsVersion = 12.5.1;
					};
					ED36A9732687B62000E1AF02 = {
						CreatedOnToolsVersion = 12.5.1;
					};
					ED36A9882687B62000E1AF02 = {
						CreatedOnToolsVersion = 12.5.1;
						TestTargetID = ED36A9732687B62000E1AF02;
					};
					ED36A9932687B62000E1AF02 = {
						CreatedOnToolsVersion = 12.5.1;
						TestTargetID = ED36A9672687B61D00E1AF02;
					};
				};
			};
			buildConfigurationList = ED36A9612687B61D00E1AF02 /* Build configuration list for PBXProject "Fidget" */;
			compatibilityVersion = "Xcode 9.3";
			developmentRegion = en;
			hasScannedForEncodings = 0;
			knownRegions = (
				en,
				Base,
			);
			mainGroup = ED36A95D2687B61D00E1AF02;
			productRefGroup = ED36A9652687B61D00E1AF02 /* Products */;
			projectDirPath = "";
			projectRoot = "";
			targets = (
				ED36A9632687B61D00E1AF02 /* Fidget */,
				ED36A9672687B61D00E1AF02 /* Fidget WatchKit App */,
				ED36A9732687B62000E1AF02 /* Fidget WatchKit Extension */,
				ED36A9882687B62000E1AF02 /* FidgetTests */,
				ED36A9932687B62000E1AF02 /* FidgetUITests */,
			);
		};
/* End PBXProject section */

/* Begin PBXResourcesBuildPhase section */
		ED36A9622687B61D00E1AF02 /* Resources */ = {
			isa = PBXResourcesBuildPhase;
			buildActionMask = 2147483647;
			files = (
			);
			runOnlyForDeploymentPostprocessing = 0;
		};
		ED36A9662687B61D00E1AF02 /* Resources */ = {
			isa = PBXResourcesBuildPhase;
			buildActionMask = 2147483647;
			files = (
				ED36A96E2687B62000E1AF02 /* Assets.xcassets in Resources */,
			);
			runOnlyForDeploymentPostprocessing = 0;
		};
		ED36A9722687B62000E1AF02 /* Resources */ = {
			isa = PBXResourcesBuildPhase;
			buildActionMask = 2147483647;
			files = (
				ED36A9832687B62000E1AF02 /* Preview Assets.xcassets in Resources */,
				ED36A9802687B62000E1AF02 /* Assets.xcassets in Resources */,
			);
			runOnlyForDeploymentPostprocessing = 0;
		};
		ED36A9872687B62000E1AF02 /* Resources */ = {
			isa = PBXResourcesBuildPhase;
			buildActionMask = 2147483647;
			files = (
			);
			runOnlyForDeploymentPostprocessing = 0;
		};
		ED36A9922687B62000E1AF02 /* Resources */ = {
			isa = PBXResourcesBuildPhase;
			buildActionMask = 2147483647;
			files = (
			);
			runOnlyForDeploymentPostprocessing = 0;
		};
/* End PBXResourcesBuildPhase section */

/* Begin PBXSourcesBuildPhase section */
		ED36A9702687B62000E1AF02 /* Sources */ = {
			isa = PBXSourcesBuildPhase;
			buildActionMask = 2147483647;
			files = (
				ED5C29FF26ACEFD60073E55A /* SettingsView.swift in Sources */,
				ED8B77D226AB8FD000E60027 /* AccelerometerView.swift in Sources */,
				ED28234226E3A2E9006462E4 /* BreathingView.swift in Sources */,
				ED0F505E26ED143E008ABA66 /* Store.swift in Sources */,
				ED0F4FFE26E67A9A008ABA66 /* MSButton.swift in Sources */,
				ED36A97C2687B62000E1AF02 /* FidgetApp.swift in Sources */,
				ED5C29FD26ACB3EC0073E55A /* ButtonView.swift in Sources */,
				ED36A97A2687B62000E1AF02 /* ContentView.swift in Sources */,
				ED5C2A0126AD86A10073E55A /* DataModel.swift in Sources */,
				ED36A97E2687B62000E1AF02 /* ComplicationController.swift in Sources */,
				ED8B77D526AC9C1A00E60027 /* CrownView.swift in Sources */,
			);
			runOnlyForDeploymentPostprocessing = 0;
		};
		ED36A9852687B62000E1AF02 /* Sources */ = {
			isa = PBXSourcesBuildPhase;
			buildActionMask = 2147483647;
			files = (
				ED36A98E2687B62000E1AF02 /* FidgetTests.swift in Sources */,
			);
			runOnlyForDeploymentPostprocessing = 0;
		};
		ED36A9902687B62000E1AF02 /* Sources */ = {
			isa = PBXSourcesBuildPhase;
			buildActionMask = 2147483647;
			files = (
				ED36A9992687B62000E1AF02 /* FidgetUITests.swift in Sources */,
			);
			runOnlyForDeploymentPostprocessing = 0;
		};
/* End PBXSourcesBuildPhase section */

/* Begin PBXTargetDependency section */
		ED36A96B2687B61E00E1AF02 /* PBXTargetDependency */ = {
			isa = PBXTargetDependency;
			target = ED36A9672687B61D00E1AF02 /* Fidget WatchKit App */;
			targetProxy = ED36A96A2687B61E00E1AF02 /* PBXContainerItemProxy */;
		};
		ED36A9772687B62000E1AF02 /* PBXTargetDependency */ = {
			isa = PBXTargetDependency;
			target = ED36A9732687B62000E1AF02 /* Fidget WatchKit Extension */;
			targetProxy = ED36A9762687B62000E1AF02 /* PBXContainerItemProxy */;
		};
		ED36A98B2687B62000E1AF02 /* PBXTargetDependency */ = {
			isa = PBXTargetDependency;
			target = ED36A9732687B62000E1AF02 /* Fidget WatchKit Extension */;
			targetProxy = ED36A98A2687B62000E1AF02 /* PBXContainerItemProxy */;
		};
		ED36A9962687B62000E1AF02 /* PBXTargetDependency */ = {
			isa = PBXTargetDependency;
			target = ED36A9672687B61D00E1AF02 /* Fidget WatchKit App */;
			targetProxy = ED36A9952687B62000E1AF02 /* PBXContainerItemProxy */;
		};
/* End PBXTargetDependency section */

/* Begin XCBuildConfiguration section */
		ED36A99B2687B62000E1AF02 /* Debug */ = {
			isa = XCBuildConfiguration;
			buildSettings = {
				ALWAYS_SEARCH_USER_PATHS = NO;
				CLANG_ANALYZER_NONNULL = YES;
				CLANG_ANALYZER_NUMBER_OBJECT_CONVERSION = YES_AGGRESSIVE;
				CLANG_CXX_LANGUAGE_STANDARD = "gnu++14";
				CLANG_CXX_LIBRARY = "libc++";
				CLANG_ENABLE_MODULES = YES;
				CLANG_ENABLE_OBJC_ARC = YES;
				CLANG_ENABLE_OBJC_WEAK = YES;
				CLANG_WARN_BLOCK_CAPTURE_AUTORELEASING = YES;
				CLANG_WARN_BOOL_CONVERSION = YES;
				CLANG_WARN_COMMA = YES;
				CLANG_WARN_CONSTANT_CONVERSION = YES;
				CLANG_WARN_DEPRECATED_OBJC_IMPLEMENTATIONS = YES;
				CLANG_WARN_DIRECT_OBJC_ISA_USAGE = YES_ERROR;
				CLANG_WARN_DOCUMENTATION_COMMENTS = YES;
				CLANG_WARN_EMPTY_BODY = YES;
				CLANG_WARN_ENUM_CONVERSION = YES;
				CLANG_WARN_INFINITE_RECURSION = YES;
				CLANG_WARN_INT_CONVERSION = YES;
				CLANG_WARN_NON_LITERAL_NULL_CONVERSION = YES;
				CLANG_WARN_OBJC_IMPLICIT_RETAIN_SELF = YES;
				CLANG_WARN_OBJC_LITERAL_CONVERSION = YES;
				CLANG_WARN_OBJC_ROOT_CLASS = YES_ERROR;
				CLANG_WARN_QUOTED_INCLUDE_IN_FRAMEWORK_HEADER = YES;
				CLANG_WARN_RANGE_LOOP_ANALYSIS = YES;
				CLANG_WARN_STRICT_PROTOTYPES = YES;
				CLANG_WARN_SUSPICIOUS_MOVE = YES;
				CLANG_WARN_UNGUARDED_AVAILABILITY = YES_AGGRESSIVE;
				CLANG_WARN_UNREACHABLE_CODE = YES;
				CLANG_WARN__DUPLICATE_METHOD_MATCH = YES;
				COPY_PHASE_STRIP = NO;
				DEBUG_INFORMATION_FORMAT = dwarf;
				ENABLE_STRICT_OBJC_MSGSEND = YES;
				ENABLE_TESTABILITY = YES;
				GCC_C_LANGUAGE_STANDARD = gnu11;
				GCC_DYNAMIC_NO_PIC = NO;
				GCC_NO_COMMON_BLOCKS = YES;
				GCC_OPTIMIZATION_LEVEL = 0;
				GCC_PREPROCESSOR_DEFINITIONS = (
					"DEBUG=1",
					"$(inherited)",
				);
				GCC_WARN_64_TO_32_BIT_CONVERSION = YES;
				GCC_WARN_ABOUT_RETURN_TYPE = YES_ERROR;
				GCC_WARN_UNDECLARED_SELECTOR = YES;
				GCC_WARN_UNINITIALIZED_AUTOS = YES_AGGRESSIVE;
				GCC_WARN_UNUSED_FUNCTION = YES;
				GCC_WARN_UNUSED_VARIABLE = YES;
				IPHONEOS_DEPLOYMENT_TARGET = 14.5;
				MTL_ENABLE_DEBUG_INFO = INCLUDE_SOURCE;
				MTL_FAST_MATH = YES;
				ONLY_ACTIVE_ARCH = YES;
				SDKROOT = iphoneos;
				SWIFT_ACTIVE_COMPILATION_CONDITIONS = DEBUG;
				SWIFT_OPTIMIZATION_LEVEL = "-Onone";
			};
			name = Debug;
		};
		ED36A99C2687B62000E1AF02 /* Release */ = {
			isa = XCBuildConfiguration;
			buildSettings = {
				ALWAYS_SEARCH_USER_PATHS = NO;
				CLANG_ANALYZER_NONNULL = YES;
				CLANG_ANALYZER_NUMBER_OBJECT_CONVERSION = YES_AGGRESSIVE;
				CLANG_CXX_LANGUAGE_STANDARD = "gnu++14";
				CLANG_CXX_LIBRARY = "libc++";
				CLANG_ENABLE_MODULES = YES;
				CLANG_ENABLE_OBJC_ARC = YES;
				CLANG_ENABLE_OBJC_WEAK = YES;
				CLANG_WARN_BLOCK_CAPTURE_AUTORELEASING = YES;
				CLANG_WARN_BOOL_CONVERSION = YES;
				CLANG_WARN_COMMA = YES;
				CLANG_WARN_CONSTANT_CONVERSION = YES;
				CLANG_WARN_DEPRECATED_OBJC_IMPLEMENTATIONS = YES;
				CLANG_WARN_DIRECT_OBJC_ISA_USAGE = YES_ERROR;
				CLANG_WARN_DOCUMENTATION_COMMENTS = YES;
				CLANG_WARN_EMPTY_BODY = YES;
				CLANG_WARN_ENUM_CONVERSION = YES;
				CLANG_WARN_INFINITE_RECURSION = YES;
				CLANG_WARN_INT_CONVERSION = YES;
				CLANG_WARN_NON_LITERAL_NULL_CONVERSION = YES;
				CLANG_WARN_OBJC_IMPLICIT_RETAIN_SELF = YES;
				CLANG_WARN_OBJC_LITERAL_CONVERSION = YES;
				CLANG_WARN_OBJC_ROOT_CLASS = YES_ERROR;
				CLANG_WARN_QUOTED_INCLUDE_IN_FRAMEWORK_HEADER = YES;
				CLANG_WARN_RANGE_LOOP_ANALYSIS = YES;
				CLANG_WARN_STRICT_PROTOTYPES = YES;
				CLANG_WARN_SUSPICIOUS_MOVE = YES;
				CLANG_WARN_UNGUARDED_AVAILABILITY = YES_AGGRESSIVE;
				CLANG_WARN_UNREACHABLE_CODE = YES;
				CLANG_WARN__DUPLICATE_METHOD_MATCH = YES;
				COPY_PHASE_STRIP = NO;
				DEBUG_INFORMATION_FORMAT = "dwarf-with-dsym";
				ENABLE_NS_ASSERTIONS = NO;
				ENABLE_STRICT_OBJC_MSGSEND = YES;
				GCC_C_LANGUAGE_STANDARD = gnu11;
				GCC_NO_COMMON_BLOCKS = YES;
				GCC_WARN_64_TO_32_BIT_CONVERSION = YES;
				GCC_WARN_ABOUT_RETURN_TYPE = YES_ERROR;
				GCC_WARN_UNDECLARED_SELECTOR = YES;
				GCC_WARN_UNINITIALIZED_AUTOS = YES_AGGRESSIVE;
				GCC_WARN_UNUSED_FUNCTION = YES;
				GCC_WARN_UNUSED_VARIABLE = YES;
				IPHONEOS_DEPLOYMENT_TARGET = 14.5;
				MTL_ENABLE_DEBUG_INFO = NO;
				MTL_FAST_MATH = YES;
				SDKROOT = iphoneos;
				SWIFT_COMPILATION_MODE = wholemodule;
				SWIFT_OPTIMIZATION_LEVEL = "-O";
				VALIDATE_PRODUCT = YES;
			};
			name = Release;
		};
		ED36A99E2687B62000E1AF02 /* Debug */ = {
			isa = XCBuildConfiguration;
			buildSettings = {
				ASSETCATALOG_COMPILER_COMPLICATION_NAME = Complication;
				CODE_SIGN_STYLE = Automatic;
				CURRENT_PROJECT_VERSION = 11;
				DEVELOPMENT_ASSET_PATHS = "\"Fidget WatchKit Extension/Preview Content\"";
				DEVELOPMENT_TEAM = C2UW47HS8X;
				ENABLE_PREVIEWS = YES;
				INFOPLIST_FILE = "Fidget WatchKit Extension/Info.plist";
				LD_RUNPATH_SEARCH_PATHS = (
					"$(inherited)",
					"@executable_path/Frameworks",
					"@executable_path/../../Frameworks",
				);
				MARKETING_VERSION = 1.5.1;
				PRODUCT_BUNDLE_IDENTIFIER = com.markschmidt.FidgetWatch.watchkitapp.watchkitextension;
				PRODUCT_NAME = "${TARGET_NAME}";
				SDKROOT = watchos;
				SKIP_INSTALL = YES;
				SWIFT_VERSION = 5.0;
				TARGETED_DEVICE_FAMILY = 4;
				WATCHOS_DEPLOYMENT_TARGET = 8.0;
			};
			name = Debug;
		};
		ED36A99F2687B62000E1AF02 /* Release */ = {
			isa = XCBuildConfiguration;
			buildSettings = {
				ASSETCATALOG_COMPILER_COMPLICATION_NAME = Complication;
				CODE_SIGN_STYLE = Automatic;
				CURRENT_PROJECT_VERSION = 11;
				DEVELOPMENT_ASSET_PATHS = "\"Fidget WatchKit Extension/Preview Content\"";
				DEVELOPMENT_TEAM = C2UW47HS8X;
				ENABLE_PREVIEWS = YES;
				INFOPLIST_FILE = "Fidget WatchKit Extension/Info.plist";
				LD_RUNPATH_SEARCH_PATHS = (
					"$(inherited)",
					"@executable_path/Frameworks",
					"@executable_path/../../Frameworks",
				);
				MARKETING_VERSION = 1.5.1;
				PRODUCT_BUNDLE_IDENTIFIER = com.markschmidt.FidgetWatch.watchkitapp.watchkitextension;
				PRODUCT_NAME = "${TARGET_NAME}";
				SDKROOT = watchos;
				SKIP_INSTALL = YES;
				SWIFT_VERSION = 5.0;
				TARGETED_DEVICE_FAMILY = 4;
				WATCHOS_DEPLOYMENT_TARGET = 8.0;
			};
			name = Release;
		};
		ED36A9A22687B62000E1AF02 /* Debug */ = {
			isa = XCBuildConfiguration;
			buildSettings = {
				ALWAYS_EMBED_SWIFT_STANDARD_LIBRARIES = YES;
				ASSETCATALOG_COMPILER_APPICON_NAME = AppIcon;
				ASSETCATALOG_COMPILER_GLOBAL_ACCENT_COLOR_NAME = AccentColor;
				ASSETCATALOG_COMPILER_INCLUDE_ALL_APPICON_ASSETS = YES;
				CODE_SIGN_STYLE = Automatic;
				CURRENT_PROJECT_VERSION = 11;
				DEVELOPMENT_TEAM = C2UW47HS8X;
				IBSC_MODULE = Fidget_WatchKit_Extension;
				INFOPLIST_FILE = "Fidget WatchKit App/Info.plist";
				MARKETING_VERSION = 1.5.1;
				PRODUCT_BUNDLE_IDENTIFIER = com.markschmidt.FidgetWatch.watchkitapp;
				PRODUCT_NAME = "$(TARGET_NAME)";
				SDKROOT = watchos;
				SKIP_INSTALL = YES;
				SWIFT_VERSION = 5.0;
				TARGETED_DEVICE_FAMILY = 4;
				WATCHOS_DEPLOYMENT_TARGET = 8.0;
			};
			name = Debug;
		};
		ED36A9A32687B62000E1AF02 /* Release */ = {
			isa = XCBuildConfiguration;
			buildSettings = {
				ALWAYS_EMBED_SWIFT_STANDARD_LIBRARIES = YES;
				ASSETCATALOG_COMPILER_APPICON_NAME = AppIcon;
				ASSETCATALOG_COMPILER_GLOBAL_ACCENT_COLOR_NAME = AccentColor;
				ASSETCATALOG_COMPILER_INCLUDE_ALL_APPICON_ASSETS = YES;
				CODE_SIGN_STYLE = Automatic;
				CURRENT_PROJECT_VERSION = 11;
				DEVELOPMENT_TEAM = C2UW47HS8X;
				IBSC_MODULE = Fidget_WatchKit_Extension;
				INFOPLIST_FILE = "Fidget WatchKit App/Info.plist";
				MARKETING_VERSION = 1.5.1;
				PRODUCT_BUNDLE_IDENTIFIER = com.markschmidt.FidgetWatch.watchkitapp;
				PRODUCT_NAME = "$(TARGET_NAME)";
				SDKROOT = watchos;
				SKIP_INSTALL = YES;
				SWIFT_VERSION = 5.0;
				TARGETED_DEVICE_FAMILY = 4;
				WATCHOS_DEPLOYMENT_TARGET = 8.0;
			};
			name = Release;
		};
		ED36A9A62687B62000E1AF02 /* Debug */ = {
			isa = XCBuildConfiguration;
			buildSettings = {
				CODE_SIGN_STYLE = Automatic;
				CURRENT_PROJECT_VERSION = 11;
				DEVELOPMENT_TEAM = C2UW47HS8X;
				MARKETING_VERSION = 1.5.1;
				PRODUCT_BUNDLE_IDENTIFIER = com.markschmidt.FidgetWatch;
				PRODUCT_NAME = Fidgets;
				SWIFT_VERSION = 5.0;
			};
			name = Debug;
		};
		ED36A9A72687B62000E1AF02 /* Release */ = {
			isa = XCBuildConfiguration;
			buildSettings = {
				CODE_SIGN_STYLE = Automatic;
				CURRENT_PROJECT_VERSION = 11;
				DEVELOPMENT_TEAM = C2UW47HS8X;
				MARKETING_VERSION = 1.5.1;
				PRODUCT_BUNDLE_IDENTIFIER = com.markschmidt.FidgetWatch;
				PRODUCT_NAME = Fidgets;
				SWIFT_VERSION = 5.0;
			};
			name = Release;
		};
		ED36A9A92687B62000E1AF02 /* Debug */ = {
			isa = XCBuildConfiguration;
			buildSettings = {
				ALWAYS_EMBED_SWIFT_STANDARD_LIBRARIES = YES;
				BUNDLE_LOADER = "$(TEST_HOST)";
				CODE_SIGN_STYLE = Automatic;
				DEVELOPMENT_TEAM = C2UW47HS8X;
				INFOPLIST_FILE = FidgetTests/Info.plist;
				LD_RUNPATH_SEARCH_PATHS = (
					"$(inherited)",
					"@executable_path/Frameworks",
					"@loader_path/Frameworks",
				);
				PRODUCT_BUNDLE_IDENTIFIER = com.markschmidt.FidgetTests;
				PRODUCT_NAME = "$(TARGET_NAME)";
				SDKROOT = watchos;
				SWIFT_VERSION = 5.0;
				TARGETED_DEVICE_FAMILY = 4;
				TEST_HOST = "$(BUILT_PRODUCTS_DIR)/Fidget WatchKit Extension.appex/Fidget WatchKit Extension";
				WATCHOS_DEPLOYMENT_TARGET = 7.4;
			};
			name = Debug;
		};
		ED36A9AA2687B62000E1AF02 /* Release */ = {
			isa = XCBuildConfiguration;
			buildSettings = {
				ALWAYS_EMBED_SWIFT_STANDARD_LIBRARIES = YES;
				BUNDLE_LOADER = "$(TEST_HOST)";
				CODE_SIGN_STYLE = Automatic;
				DEVELOPMENT_TEAM = C2UW47HS8X;
				INFOPLIST_FILE = FidgetTests/Info.plist;
				LD_RUNPATH_SEARCH_PATHS = (
					"$(inherited)",
					"@executable_path/Frameworks",
					"@loader_path/Frameworks",
				);
				PRODUCT_BUNDLE_IDENTIFIER = com.markschmidt.FidgetTests;
				PRODUCT_NAME = "$(TARGET_NAME)";
				SDKROOT = watchos;
				SWIFT_VERSION = 5.0;
				TARGETED_DEVICE_FAMILY = 4;
				TEST_HOST = "$(BUILT_PRODUCTS_DIR)/Fidget WatchKit Extension.appex/Fidget WatchKit Extension";
				WATCHOS_DEPLOYMENT_TARGET = 7.4;
			};
			name = Release;
		};
		ED36A9AC2687B62000E1AF02 /* Debug */ = {
			isa = XCBuildConfiguration;
			buildSettings = {
				CODE_SIGN_STYLE = Automatic;
				DEVELOPMENT_TEAM = C2UW47HS8X;
				INFOPLIST_FILE = FidgetUITests/Info.plist;
				LD_RUNPATH_SEARCH_PATHS = (
					"$(inherited)",
					"@executable_path/Frameworks",
					"@loader_path/Frameworks",
				);
				PRODUCT_BUNDLE_IDENTIFIER = com.markschmidt.FidgetUITests;
				PRODUCT_NAME = "$(TARGET_NAME)";
				SDKROOT = watchos;
				SWIFT_VERSION = 5.0;
				TARGETED_DEVICE_FAMILY = 4;
				TEST_TARGET_NAME = "Fidget WatchKit App";
				WATCHOS_DEPLOYMENT_TARGET = 7.4;
			};
			name = Debug;
		};
		ED36A9AD2687B62000E1AF02 /* Release */ = {
			isa = XCBuildConfiguration;
			buildSettings = {
				CODE_SIGN_STYLE = Automatic;
				DEVELOPMENT_TEAM = C2UW47HS8X;
				INFOPLIST_FILE = FidgetUITests/Info.plist;
				LD_RUNPATH_SEARCH_PATHS = (
					"$(inherited)",
					"@executable_path/Frameworks",
					"@loader_path/Frameworks",
				);
				PRODUCT_BUNDLE_IDENTIFIER = com.markschmidt.FidgetUITests;
				PRODUCT_NAME = "$(TARGET_NAME)";
				SDKROOT = watchos;
				SWIFT_VERSION = 5.0;
				TARGETED_DEVICE_FAMILY = 4;
				TEST_TARGET_NAME = "Fidget WatchKit App";
				WATCHOS_DEPLOYMENT_TARGET = 7.4;
			};
			name = Release;
		};
/* End XCBuildConfiguration section */

/* Begin XCConfigurationList section */
		ED36A9612687B61D00E1AF02 /* Build configuration list for PBXProject "Fidget" */ = {
			isa = XCConfigurationList;
			buildConfigurations = (
				ED36A99B2687B62000E1AF02 /* Debug */,
				ED36A99C2687B62000E1AF02 /* Release */,
			);
			defaultConfigurationIsVisible = 0;
			defaultConfigurationName = Release;
		};
		ED36A99D2687B62000E1AF02 /* Build configuration list for PBXNativeTarget "Fidget WatchKit Extension" */ = {
			isa = XCConfigurationList;
			buildConfigurations = (
				ED36A99E2687B62000E1AF02 /* Debug */,
				ED36A99F2687B62000E1AF02 /* Release */,
			);
			defaultConfigurationIsVisible = 0;
			defaultConfigurationName = Release;
		};
		ED36A9A12687B62000E1AF02 /* Build configuration list for PBXNativeTarget "Fidget WatchKit App" */ = {
			isa = XCConfigurationList;
			buildConfigurations = (
				ED36A9A22687B62000E1AF02 /* Debug */,
				ED36A9A32687B62000E1AF02 /* Release */,
			);
			defaultConfigurationIsVisible = 0;
			defaultConfigurationName = Release;
		};
		ED36A9A52687B62000E1AF02 /* Build configuration list for PBXNativeTarget "Fidget" */ = {
			isa = XCConfigurationList;
			buildConfigurations = (
				ED36A9A62687B62000E1AF02 /* Debug */,
				ED36A9A72687B62000E1AF02 /* Release */,
			);
			defaultConfigurationIsVisible = 0;
			defaultConfigurationName = Release;
		};
		ED36A9A82687B62000E1AF02 /* Build configuration list for PBXNativeTarget "FidgetTests" */ = {
			isa = XCConfigurationList;
			buildConfigurations = (
				ED36A9A92687B62000E1AF02 /* Debug */,
				ED36A9AA2687B62000E1AF02 /* Release */,
			);
			defaultConfigurationIsVisible = 0;
			defaultConfigurationName = Release;
		};
		ED36A9AB2687B62000E1AF02 /* Build configuration list for PBXNativeTarget "FidgetUITests" */ = {
			isa = XCConfigurationList;
			buildConfigurations = (
				ED36A9AC2687B62000E1AF02 /* Debug */,
				ED36A9AD2687B62000E1AF02 /* Release */,
			);
			defaultConfigurationIsVisible = 0;
			defaultConfigurationName = Release;
		};
/* End XCConfigurationList section */
	};
	rootObject = ED36A95E2687B61D00E1AF02 /* Project object */;
}
